{"1.2.0",
[{<<"bbmustache">>,{pkg,<<"bbmustache">>,<<"1.12.2">>},1},
 {<<"certifi">>,{pkg,<<"certifi">>,<<"2.17.0">>},2},
 {<<"cf">>,{pkg,<<"cf">>,<<"0.3.1">>},1},
 {<<"edifa">>,{pkg,<<"edifa">>,<<"1.0.0">>},1},
 {<<"erlexec">>,{pkg,<<"erlexec">>,<<"2.0.8">>},2},
 {<<"erlware_commons">>,{pkg,<<"erlware_commons">>,<<"1.9.1">>},0},
 {<<"getopt">>,{pkg,<<"getopt">>,<<"1.0.3">>},0},
 {<<"grid">>,{pkg,<<"grid">>,<<"0.2.1">>},0},
 {<<"grisp_tools">>,{pkg,<<"grisp_tools">>,<<"2.11.3">>},0},
 {<<"grisp_update_packager">>,{pkg,<<"grisp_update_packager">>,<<"1.0.2">>},1},
 {<<"h2">>,{pkg,<<"h2">>,<<"0.12.0">>},2},
 {<<"hackney">>,{pkg,<<"hackney">>,<<"4.7.4">>},1},
 {<<"idna">>,{pkg,<<"idna">>,<<"7.1.0">>},2},
 {<<"mapz">>,{pkg,<<"mapz">>,<<"2.4.0">>},1},
 {<<"mimerl">>,{pkg,<<"mimerl">>,<<"1.5.0">>},2},
 {<<"parse_trans">>,{pkg,<<"parse_trans">>,<<"3.4.2">>},2},
 {<<"quic">>,{pkg,<<"quic">>,<<"1.8.2">>},3},
 {<<"quickrand">>,{pkg,<<"quickrand">>,<<"2.0.7">>},3},
 {<<"ssl_verify_fun">>,{pkg,<<"ssl_verify_fun">>,<<"1.1.7">>},2},
 {<<"termseal">>,{pkg,<<"termseal">>,<<"0.1.1">>},2},
 {<<"textual">>,{pkg,<<"textual">>,<<"0.1.1">>},1},
 {<<"uuid">>,{pkg,<<"uuid_erl">>,<<"2.0.7">>},2},
 {<<"webtransport">>,{pkg,<<"webtransport">>,<<"0.4.5">>},2}]}.
[
{pkg_hash,[
 {<<"bbmustache">>, <<"0CABDCE0DB9FE6D3318131174B9F2B351328A4C0AFBEB3E6E99BB0E02E9B621D">>},
 {<<"certifi">>, <<"835748414307E15E05B17D0E518190228CE648B08D569A5CC93A85A40F3E5C9B">>},
 {<<"cf">>, <<"5CB902239476E141EA70A740340233782D363A31EEA8AD37049561542E6CD641">>},
 {<<"edifa">>, <<"0F1A01A0C79B7135F334B3FCEEB624F0574C5ED3E4554B06C8664AADA6A339C8">>},
 {<<"erlexec">>, <<"301184CDCC83D51FD6AA4EE5F9C23DC96930D68501100BCD580D950F40169A5E">>},
 {<<"erlware_commons">>, <<"3EF1244D9E57C884A5B4A13CB59E51FCED282BF638E0BCC5386AC4294568314E">>},
 {<<"getopt">>, <<"4F3320C1F6F26B2BEC0F6C6446B943EB927A1E6428EA279A1C6C534906EE79F1">>},
 {<<"grid">>, <<"4DCBF6155AB24131CB493D417F28093F019197ED7401F28BF82FF60E2C9B0D2C">>},
 {<<"grisp_tools">>, <<"B68CECA011C06037720D0B5D5F85097E2EAB50DAD2679D5C9CBB092FA380C98C">>},
 {<<"grisp_update_packager">>, <<"A74922B6602159A6718B1EE13045D3866BFF26D6A49C8C7A8EABC5F352E41BB9">>},
 {<<"h2">>, <<"F393539EE2728F8118FB2024B6D5F3E2C45E40CEB31B18B4E9BF5E50D028F80F">>},
 {<<"hackney">>, <<"8FE2DDAA3CA27DE99D68E682D72B66D07D2331DA680F77C8000580A0122C69E6">>},
 {<<"idna">>, <<"1067A13043538129602D2F2CE6899D8713125C7D19734AA557CE2E3EA55BD4F1">>},
 {<<"mapz">>, <<"77A8E38B69BAB16C5D3EBD44E6C619F8AF1F1598B0CAAE301D266605A0865756">>},
 {<<"mimerl">>, <<"F35ACA6F23242339B3666E0AC0702379E362B469D0AEA167F6CC713547E777ED">>},
 {<<"parse_trans">>, <<"C352DDC1A0D5E54F9B1654D45F9C432EEF76F9CEA371C55DDFF769EF688FDB74">>},
 {<<"quic">>, <<"C315176D2C4FAD0725E52F2A8033B96D01C4FECFC7E6A7333615FF10041142A5">>},
 {<<"quickrand">>, <<"D2BD76676A446E6A058D678444B7FDA1387B813710D1AF6D6E29BB92186C8820">>},
 {<<"ssl_verify_fun">>, <<"354C321CF377240C7B8716899E182CE4890C5938111A1296ADD3EC74CF1715DF">>},
 {<<"termseal">>, <<"C9D93D4FF638EE99F9377D3438FC7AD132D2901EBBAF10C54F8DEA1D7E24D61C">>},
 {<<"textual">>, <<"42D6AFE1E58F128E607C237EC213CD3DD69B780A3527039B2A90CA6600456B3C">>},
 {<<"uuid">>, <<"B2078D2CC814F53AFA52D36C91E08962C7E7373585C623F4C0EA6DFB04B2AF94">>},
 {<<"webtransport">>, <<"0E387202BBE707389FE81373EF8C56FAA9D5AA321BB4800FA4765EE7C1399785">>}]},
{pkg_hash_ext,[
 {<<"bbmustache">>, <<"688B33A4D5CC2D51F575ADF0B3683FC40A38314A2F150906EDCFC77F5B577B3B">>},
 {<<"certifi">>, <<"8122798A17F0293C80DAADA25D0F81C7F4D708C73FEF782C7C9B1950E26E4D21">>},
 {<<"cf">>, <<"315E8D447D3A4B02BCDBFA397AD03BBB988A6E0AA6F44D3ADD0F4E3C3BF97672">>},
 {<<"edifa">>, <<"A1E010561E7D236A24C668D95626BE2BFE082ED0331CE1E6798BE0CD43F59A7B">>},
 {<<"erlexec">>, <<"CDC02CCF88D8845F8887FA18A19BC9349CFCD3C9B4FD98A45F738AC710B57BC4">>},
 {<<"erlware_commons">>, <<"995313D2C57743E50E8597ACE165057762E9B9CF9F7A5F7E95EAFF631384E844">>},
 {<<"getopt">>, <<"7E01DE90AC540F21494FF72792B1E3162D399966EBBFC674B4CE52CB8F49324F">>},
 {<<"grid">>, <<"C8EA819A0E40631BECE3149FBA7D306DF6CF8BC35358089878F05B20E6D87D4C">>},
 {<<"grisp_tools">>, <<"1425413CCB49154B4E99733AA3EED99826616AEE588C9EA2CD3FB7BA94BD4D7C">>},
 {<<"grisp_update_packager">>, <<"6484C6910C7F4CF235119206A5FEFD16ED08BE2D3A16E62EC1820A207B4D5B20">>},
 {<<"h2">>, <<"BEAAFC93C54CDC5D623247334D3970CDF4BC66B6B8B296B74BA1D7C7513C3DFC">>},
 {<<"hackney">>, <<"D07D7E1358353AB6CC75132F058C155287F3E013D43F709FBB79D79EEAB98195">>},
 {<<"idna">>, <<"6AE959A025BF36DF61A8CAB8508D9654891B5426A84C44D82DEAFFD6DDF8C71F">>},
 {<<"mapz">>, <<"4B68DF5CF0522E0D6545DF7B681BC052865CDB78405AD4CC9C55FE45EE7B25BE">>},
 {<<"mimerl">>, <<"DB648CE065BAE14EA84CA8B5DD123F42F49417CEF693541110BF6F9E9BE9ECC4">>},
 {<<"parse_trans">>, <<"4C25347DE3B7C35732D32E69AB43D1CEEE0BEAE3F3B3ADE1B59CBD3DD224D9CA">>},
 {<<"quic">>, <<"274D2F41EE9C00D8D6415248DF9FB5637381FE69B5387771DC37E91038A65479">>},
 {<<"quickrand">>, <<"B8ACBF89A224BC217C3070CA8BEBC6EB236DBE7F9767993B274084EA044D35F0">>},
 {<<"ssl_verify_fun">>, <<"FE4C190E8F37401D30167C8C405EDA19469F34577987C76DDE613E838BBC67F8">>},
 {<<"termseal">>, <<"466280936214AF1894FC431642E83341B7D13580A3F3485820A2D300C5CAEB49">>},
 {<<"textual">>, <<"28C1AE5DE77D3A13C9101DD64204C87069232149C2B924762F43D75730516CE9">>},
 {<<"uuid">>, <<"4E4C5CA3461DC47C5E157ED42AA3981A053B7A186792AF972A27B14A9489324E">>},
 {<<"webtransport">>, <<"BCB512239E48E551D5BD5C667312A9A7DE4F29B89D84B1D33C5AF44E1F3F730D">>}]}
].
